PODS:
  - Alamofire (4.8.0)
  - FSPagerView (0.8.2)
  - Kingfisher (5.0.1)
  - MBProgressHUD (1.1.0)
  - MXSegmentedControl (0.1.0)
  - RxAlamofire (4.3.0):
    - RxAlamofire/Core (= 4.3.0)
  - RxAlamofire/Core (4.3.0):
    - Alamofire (~> 4.5)
    - RxSwift (~> 4)
  - RxAtomic (4.4.0)
  - RxCocoa (4.4.0):
    - RxSwift (~> 4.0)
  - RxGesture (2.1.0):
    - RxCocoa (~> 4.4.0)
    - RxSwift (~> 4.4.0)
  - RxSwift (4.4.0):
    - RxAtomic (~> 4.4)
  - SwiftMessages (6.0.2):
    - SwiftMessages/App (= 6.0.2)
  - SwiftMessages/App (6.0.2)

DEPENDENCIES:
  - Alamofire
  - FSPagerView
  - Kingfisher
  - MBProgressHUD
  - MXSegmentedControl
  - RxAlamofire
  - RxCocoa
  - RxGesture
  - RxSwift
  - SwiftMessages

SPEC REPOS:
  https://github.com/cocoapods/specs.git:
    - Alamofire
    - FSPagerView
    - Kingfisher
    - MBProgressHUD
    - MXSegmentedControl
    - RxAlamofire
    - RxAtomic
    - RxCocoa
    - RxGesture
    - RxSwift
    - SwiftMessages

SPEC CHECKSUMS:
  Alamofire: 3ec537f71edc9804815215393ae2b1a8ea33a844
  FSPagerView: 816a18842306973cc7cc6df8a5332272f7815c30
  Kingfisher: 4f771421b9208185217550528a06fd48756cb7c2
  MBProgressHUD: e7baa36a220447d8aeb12769bf0585582f3866d9
  MXSegmentedControl: 47b36aac2fda4d8c9117ab05088937e8c102796f
  RxAlamofire: 09624d0f2d48ed8b686e4eb4cf68e28cbd2df556
  RxAtomic: eacf60db868c96bfd63320e28619fe29c179656f
  RxCocoa: df63ebf7b9a70d6b4eeea407ed5dd4efc8979749
  RxGesture: 7f6dfb45dbde06e618c24442d38493e3144f2c95
  RxSwift: 5976ecd04fc2fefd648827c23de5e11157faa973
  SwiftMessages: 8b3cc68dba2f1c91aac1a74c90b10287aac35371

PODFILE CHECKSUM: c60efa8a9dac17e99e0314a8a38c410725314e80

COCOAPODS: 1.5.3
